{
  "version": 4,
  "terraform_version": "1.12.0",
  "serial": 11,
  "lineage": "e423c889-762f-ed08-b143-ff1e9fa5816a",
  "outputs": {},
  "resources": [
    {
      "module": "module.cloud_sql",
      "mode": "managed",
      "type": "google_sql_database",
      "name": "app_db",
      "provider": "provider[\"registry.terraform.io/hashicorp/google\"]",
      "instances": [
        {
          "schema_version": 0,
          "attributes": {
            "charset": "UTF8",
            "collation": "en_US.UTF8",
            "deletion_policy": "DELETE",
            "id": "projects/cv-parser-460110/instances/cv-parser-db/databases/app",
            "instance": "cv-parser-db",
            "name": "app",
            "project": "cv-parser-460110",
            "self_link": "https://sqladmin.googleapis.com/sql/v1beta4/projects/cv-parser-460110/instances/cv-parser-db/databases/app",
            "timeouts": null
          },
          "sensitive_attributes": [],
          "identity_schema_version": 0,
          "private": "eyJlMmJmYjczMC1lY2FhLTExZTYtOGY4OC0zNDM2M2JjN2M0YzAiOnsiY3JlYXRlIjoxMjAwMDAwMDAwMDAwLCJkZWxldGUiOjEyMDAwMDAwMDAwMDAsInVwZGF0ZSI6MTIwMDAwMDAwMDAwMH19",
          "dependencies": [
            "module.cloud_sql.google_sql_database_instance.postgres"
          ]
        }
      ]
    },
    {
      "module": "module.cloud_sql",
      "mode": "managed",
      "type": "google_sql_database_instance",
      "name": "postgres",
      "provider": "provider[\"registry.terraform.io/hashicorp/google\"]",
      "instances": [
        {
          "schema_version": 0,
          "attributes": {
            "available_maintenance_versions": [],
            "clone": [],
            "connection_name": "cv-parser-460110:us-central1:cv-parser-db",
            "database_version": "POSTGRES_14",
            "deletion_protection": true,
            "dns_name": "",
            "encryption_key_name": null,
            "first_ip_address": "34.67.195.182",
            "id": "cv-parser-db",
            "instance_type": "CLOUD_SQL_INSTANCE",
            "ip_address": [
              {
                "ip_address": "34.67.195.182",
                "time_to_retire": "",
                "type": "PRIMARY"
              },
              {
                "ip_address": "34.55.255.97",
                "time_to_retire": "",
                "type": "OUTGOING"
              }
            ],
            "maintenance_version": "POSTGRES_14_18.R20250302.00_19",
            "master_instance_name": "",
            "name": "cv-parser-db",
            "private_ip_address": "",
            "project": "cv-parser-460110",
            "psc_service_attachment_link": "",
            "public_ip_address": "34.67.195.182",
            "region": "us-central1",
            "replica_configuration": [],
            "restore_backup_context": [],
            "root_password": null,
            "self_link": "https://sqladmin.googleapis.com/sql/v1beta4/projects/cv-parser-460110/instances/cv-parser-db",
            "server_ca_cert": [
              {
                "cert": "-----BEGIN CERTIFICATE-----\nMIIDfzCCAmegAwIBAgIBADANBgkqhkiG9w0BAQsFADB3MS0wKwYDVQQuEyQ1YmQ3\nZjkzMC00M2M3LTRmNTAtYTVhZi1hZDkyMGU2YTY2OWYxIzAhBgNVBAMTGkdvb2ds\nZSBDbG91ZCBTUUwgU2VydmVyIENBMRQwEgYDVQQKEwtHb29nbGUsIEluYzELMAkG\nA1UEBhMCVVMwHhcNMjUwNTE5MTUxMDU1WhcNMzUwNTE3MTUxMTU1WjB3MS0wKwYD\nVQQuEyQ1YmQ3ZjkzMC00M2M3LTRmNTAtYTVhZi1hZDkyMGU2YTY2OWYxIzAhBgNV\nBAMTGkdvb2dsZSBDbG91ZCBTUUwgU2VydmVyIENBMRQwEgYDVQQKEwtHb29nbGUs\nIEluYzELMAkGA1UEBhMCVVMwggEiMA0GCSqGSIb3DQEBAQUAA4IBDwAwggEKAoIB\nAQDYXb0z4AvcL8dEx4VNQZqMsvaU3fO//KPz2ePpKTEQE9/P4chPv9F10tGjJYSF\nc8ZsOSX2QbytpQ9BXG1++IKVYgynl9B//LdlDRaHRlWBLcBDym4mPRrb1Z8GAKKO\nGfyDkfvu72MF6cjSznnX9pS+xK6qzdXa4m1/pAW7t9KC6nEFf5Djfk427q+++EWA\n4UPpfwCiMZ9cRxzQyxNDBIzCsY7IVA2PbCPt9VW+BFz99LzCRfLt7UQtmICrsBif\nZwsdiLRgOQ6gkx1u6RrW4lV/MPnfazLPZUOD0iuCbZmqbhqsYv2O1dtZ4tYpijnC\noB1I9I6Oxzfy/LFuOv0c1gTzAgMBAAGjFjAUMBIGA1UdEwEB/wQIMAYBAf8CAQAw\nDQYJKoZIhvcNAQELBQADggEBAIKcL2rA239sLuRATBKRjMQOFSc2ST28Sh+gXFoJ\nTBE+/HAIZNp83uiJy1pMqG1ajrayrBSq7apTg/iquP6jDVvtKmJNurXfykbhOehZ\nCcyehAMVyiGcxO6z54GeIdoZ4AZVdymOj/PHGEPrsEjMd9tjzmrsq0rwx1i0S/g/\n1GG+PwoDCUodIIJGveS0R+s/OE5W7E+e5v4fCwNFjQP00lgJxX3BZvNetwKbvY+X\nhFm/5O1c8+mdea6dMZdRdqtkA7NbQDEGOMBXVeaWtKVslhxU97Onc3AQS4cTvMy3\nFouyeV98Kx5TEqHiNIl0UbFyo/90kSDdW41rS5xdBIG0ScA=\n-----END CERTIFICATE-----",
                "common_name": "C=US,O=Google\\, Inc,CN=Google Cloud SQL Server CA,dnQualifier=5bd7f930-43c7-4f50-a5af-ad920e6a669f",
                "create_time": "2025-05-19T15:10:55.900Z",
                "expiration_time": "2035-05-17T15:11:55.900Z",
                "sha1_fingerprint": "420222fe0c25bda2fbef27a46a8e72c69617c943"
              }
            ],
            "service_account_email_address": "p264936303991-qfjiur@gcp-sa-cloud-sql.iam.gserviceaccount.com",
            "settings": [
              {
                "activation_policy": "ALWAYS",
                "active_directory_config": [],
                "advanced_machine_features": [],
                "availability_type": "ZONAL",
                "backup_configuration": [
                  {
                    "backup_retention_settings": [
                      {
                        "retained_backups": 7,
                        "retention_unit": "COUNT"
                      }
                    ],
                    "binary_log_enabled": false,
                    "enabled": false,
                    "location": "",
                    "point_in_time_recovery_enabled": false,
                    "start_time": "03:00",
                    "transaction_log_retention_days": 7
                  }
                ],
                "collation": "",
                "connector_enforcement": "NOT_REQUIRED",
                "data_cache_config": [],
                "database_flags": [],
                "deletion_protection_enabled": false,
                "deny_maintenance_period": [],
                "disk_autoresize": true,
                "disk_autoresize_limit": 0,
                "disk_size": 10,
                "disk_type": "PD_SSD",
                "edition": "",
                "insights_config": [],
                "ip_configuration": [
                  {
                    "allocated_ip_range": "",
                    "authorized_networks": [],
                    "enable_private_path_for_google_cloud_services": false,
                    "ipv4_enabled": true,
                    "private_network": "",
                    "psc_config": [],
                    "require_ssl": false
                  }
                ],
                "location_preference": [
                  {
                    "follow_gae_application": "",
                    "secondary_zone": "",
                    "zone": "us-central1-c"
                  }
                ],
                "maintenance_window": [],
                "password_validation_policy": [],
                "pricing_plan": "PER_USE",
                "sql_server_audit_config": [],
                "tier": "db-f1-micro",
                "time_zone": "",
                "user_labels": {},
                "version": 2
              }
            ],
            "timeouts": null
          },
          "sensitive_attributes": [
            [
              {
                "type": "get_attr",
                "value": "root_password"
              }
            ]
          ],
          "identity_schema_version": 0,
          "private": "eyJlMmJmYjczMC1lY2FhLTExZTYtOGY4OC0zNDM2M2JjN2M0YzAiOnsiY3JlYXRlIjoyNDAwMDAwMDAwMDAwLCJkZWxldGUiOjE4MDAwMDAwMDAwMDAsInVwZGF0ZSI6MTgwMDAwMDAwMDAwMH19"
        }
      ]
    },
    {
      "module": "module.gke",
      "mode": "managed",
      "type": "google_container_cluster",
      "name": "primary",
      "provider": "provider[\"registry.terraform.io/hashicorp/google\"]",
      "instances": [
        {
          "status": "tainted",
          "schema_version": 1,
          "attributes": {
            "addons_config": [
              {
                "cloudrun_config": [],
                "config_connector_config": [],
                "dns_cache_config": [],
                "gce_persistent_disk_csi_driver_config": [
                  {
                    "enabled": true
                  }
                ],
                "gcp_filestore_csi_driver_config": [],
                "gcs_fuse_csi_driver_config": [],
                "gke_backup_agent_config": [],
                "horizontal_pod_autoscaling": [],
                "http_load_balancing": [],
                "network_policy_config": [
                  {
                    "disabled": true
                  }
                ]
              }
            ],
            "allow_net_admin": null,
            "authenticator_groups_config": [],
            "binary_authorization": [
              {
                "enabled": false,
                "evaluation_mode": ""
              }
            ],
            "cluster_autoscaling": [
              {
                "auto_provisioning_defaults": [],
                "enabled": false,
                "resource_limits": []
              }
            ],
            "cluster_ipv4_cidr": "10.0.0.0/14",
            "confidential_nodes": [],
            "cost_management_config": [],
            "database_encryption": null,
            "datapath_provider": "",
            "default_max_pods_per_node": null,
            "default_snat_status": [
              {
                "disabled": false
              }
            ],
            "description": "",
            "dns_config": [],
            "enable_autopilot": false,
            "enable_binary_authorization": false,
            "enable_intranode_visibility": false,
            "enable_k8s_beta_apis": [],
            "enable_kubernetes_alpha": false,
            "enable_l4_ilb_subsetting": false,
            "enable_legacy_abac": false,
            "enable_shielded_nodes": true,
            "enable_tpu": false,
            "endpoint": "35.238.101.194",
            "gateway_api_config": null,
            "id": "projects/cv-parser-460110/locations/us-central1/clusters/cv-parser-gke-cluster",
            "initial_node_count": 1,
            "ip_allocation_policy": null,
            "label_fingerprint": null,
            "location": "us-central1",
            "logging_config": null,
            "logging_service": "logging.googleapis.com/kubernetes",
            "maintenance_policy": [],
            "master_auth": [
              {
                "client_certificate": "",
                "client_certificate_config": [
                  {
                    "issue_client_certificate": false
                  }
                ],
                "client_key": "",
                "cluster_ca_certificate": "LS0tLS1CRUdJTiBDRVJUSUZJQ0FURS0tLS0tCk1JSUVMVENDQXBXZ0F3SUJBZ0lSQVB5SFNwOUh3bHhramNmZWY5S2tNS2N3RFFZSktvWklodmNOQVFFTEJRQXcKTHpFdE1Dc0dBMVVFQXhNa1pUazVZalkyTUdRdE5qWmtOQzAwT0dKaUxXRXpabVl0T1dKbE5ETTVPRGxoWldNMQpNQ0FYRFRJMU1EVXhPVEU0TlRFek0xb1lEekl3TlRVd05URXlNVGsxTVRNeldqQXZNUzB3S3dZRFZRUURFeVJsCk9UbGlOall3WkMwMk5tUTBMVFE0WW1JdFlUTm1aaTA1WW1VME16azRPV0ZsWXpVd2dnR2lNQTBHQ1NxR1NJYjMKRFFFQkFRVUFBNElCandBd2dnR0tBb0lCZ1FDbTJXS3JBZmsyRUdWRU1Ia2NlVEhOWDliNG1FN1BXRzRwNm11KwptRUNhaldIeEpCTDdBeExmNFZnMVU5bnJ4M2lLNmZGRTVPWExqRStlZ0xXclY4Z1dIdGRObTdRV0pvNTBjeHlpCk16Tkh0dUVnRFJraC9tL25neWNKM1VjZm5xaW5NdnQ4Sk5uU1NJNVJVV0N5Y3E1U1hhbm1tN2VOTUY3NXFvMHQKTTNTbHpXMDV1K2NKdFJIRUhobko1QWY3V1hSSEtRQzRTUjR4RkkyQkVyeWdVQTcyWElERHZ3Tk0yWmp3ZlExUgp3QjQxQmFUNU5OVE1NREozdnpPMUdGRXU1TUZFazFZTTBJdFdpa1M2Ti9QSm5rT3BGcjhXZUNzUTB4eXhiK2ZMCjlFUjQxeTZMYjF2VHMyV2JvMnI1ZVRCRzdwekdyZWNmVkRFem9IeEQ5c2V1ZDVFSmVsZW1TcmpIZW9HYitsVkYKOTlZcHcrYWFINzMvN2xxUE14bUFSZGpXaGs5WjVEV2MybmxQT1R3cmZaOTVMMmEyL1diQWU2TFNBTDQ2M3lQMwpkeERUWmYyQkNjWGFrZnFaZk5DTkhsRnlFMkJiZjlGL3g3THV1MXdZQ3cxY0VML1M2ek5yaVZSOFRrNlZKZTl4CkVmejdHMG5uMW5JZmZFTEF1TDZUY0NtaVIrMENBd0VBQWFOQ01FQXdEZ1lEVlIwUEFRSC9CQVFEQWdJRU1BOEcKQTFVZEV3RUIvd1FGTUFNQkFmOHdIUVlEVlIwT0JCWUVGSCtObHFkNDBEQlVNcHNjNDlVNDdWZU05UGt3TUEwRwpDU3FHU0liM0RRRUJDd1VBQTRJQmdRQVB2aWd0blpPV29yUW9oT1dYTXNHeVJKOUJ5aWcxZFZEbWRYblJrZFhGClRMRUVxUE1vT1l3SVViQjlFSGwveG5tY21HUjM5UVNGeTRFbVBtL21GQWp2RmxGMWdMcUVYczRnajY1c096K1QKcEFoTGNVZXY2Vy9vbnZLNnM4eWZydlExSUdWOUhxMHFwWjNPMHo3ZXBjM2IxYlpWcXFXeWU3V1ZldzNXMEhrYgpHRlNwZ2ExaUVWdmlqSDRpdnJiOWZnRmNUaWl5S2xBQ3JGeFBpV210WFNqYVEzNkUxam9LV1U0TFY5RXdmZWtUCkNEZEFkMGVENGtobndBeXZDeVZHc05XT0lBbm1BekFIWkwwcTI3WkVqZ0dQK21sck13UFAwa2doaiswNGVIZ1cKSzUvS3hraGxEdXd5TzU3RWJKbnhKTEFrc0d4ZDZSc2NHbjg1ZUYvNW5ZODdWNlU3YmNkeThWSExXM0w5di9UdwpQWVkwbWtkanQwSWwyZFM5SlNyQjNUMTBmVWQ1OVV6ME5FaU1vK3VxOWNaMnZySy9HYzhLTWpFVmNITjJGZS8zCnF4K0FWOFJUN0gxVkJyMTBuUk4zOE12NEU0M1lNU3VsOW9kbit5SWMvWStsSEJyd1o5MERod3lOYjFxOGRtWm0KQS9VampIUDdPWG9heWZRSjE0MGl0Mmc9Ci0tLS0tRU5EIENFUlRJRklDQVRFLS0tLS0K"
              }
            ],
            "master_authorized_networks_config": [],
            "master_version": "1.32.3-gke.1785003",
            "mesh_certificates": null,
            "min_master_version": null,
            "monitoring_config": null,
            "monitoring_service": "monitoring.googleapis.com/kubernetes",
            "name": "cv-parser-gke-cluster",
            "network": "projects/cv-parser-460110/global/networks/default",
            "network_policy": [
              {
                "enabled": false,
                "provider": "PROVIDER_UNSPECIFIED"
              }
            ],
            "networking_mode": null,
            "node_config": [
              {
                "advanced_machine_features": [],
                "boot_disk_kms_key": "",
                "confidential_nodes": [],
                "disk_size_gb": 100,
                "disk_type": "pd-balanced",
                "ephemeral_storage_local_ssd_config": [],
                "fast_socket": [],
                "gcfs_config": [],
                "guest_accelerator": [],
                "gvnic": [],
                "host_maintenance_policy": [],
                "image_type": "COS_CONTAINERD",
                "kubelet_config": [
                  {
                    "cpu_cfs_quota": false,
                    "cpu_cfs_quota_period": "",
                    "cpu_manager_policy": "",
                    "pod_pids_limit": 0
                  }
                ],
                "labels": {},
                "linux_node_config": [],
                "local_nvme_ssd_block_config": [],
                "local_ssd_count": 0,
                "logging_variant": "DEFAULT",
                "machine_type": "e2-medium",
                "metadata": {
                  "disable-legacy-endpoints": "true"
                },
                "min_cpu_platform": "",
                "node_group": "",
                "oauth_scopes": [
                  "https://www.googleapis.com/auth/cloud-platform"
                ],
                "preemptible": false,
                "reservation_affinity": [],
                "resource_labels": {
                  "goog-gke-node-pool-provisioning-model": "on-demand"
                },
                "service_account": "default",
                "shielded_instance_config": [
                  {
                    "enable_integrity_monitoring": true,
                    "enable_secure_boot": false
                  }
                ],
                "sole_tenant_config": [],
                "spot": false,
                "tags": null,
                "taint": [],
                "workload_metadata_config": []
              }
            ],
            "node_locations": [
              "us-central1-a",
              "us-central1-b",
              "us-central1-f"
            ],
            "node_pool": null,
            "node_pool_auto_config": null,
            "node_pool_defaults": null,
            "node_version": "1.32.3-gke.1785003",
            "notification_config": [
              {
                "pubsub": [
                  {
                    "enabled": false,
                    "filter": [],
                    "topic": ""
                  }
                ]
              }
            ],
            "operation": null,
            "private_cluster_config": [],
            "private_ipv6_google_access": "",
            "project": "cv-parser-460110",
            "release_channel": [
              {
                "channel": "REGULAR"
              }
            ],
            "remove_default_node_pool": null,
            "resource_labels": null,
            "resource_usage_export_config": [],
            "security_posture_config": null,
            "self_link": "https://container.googleapis.com/v1/projects/cv-parser-460110/locations/us-central1/clusters/cv-parser-gke-cluster",
            "service_external_ips_config": null,
            "services_ipv4_cidr": "10.3.240.0/20",
            "subnetwork": "projects/cv-parser-460110/regions/us-central1/subnetworks/default",
            "timeouts": null,
            "tpu_ipv4_cidr_block": "",
            "vertical_pod_autoscaling": null,
            "workload_identity_config": null
          },
          "sensitive_attributes": [
            [
              {
                "type": "get_attr",
                "value": "master_auth"
              },
              {
                "type": "index",
                "value": {
                  "value": 0,
                  "type": "number"
                }
              },
              {
                "type": "get_attr",
                "value": "client_key"
              }
            ]
          ],
          "identity_schema_version": 0,
          "private": "eyJlMmJmYjczMC1lY2FhLTExZTYtOGY4OC0zNDM2M2JjN2M0YzAiOnsiY3JlYXRlIjoyNDAwMDAwMDAwMDAwLCJkZWxldGUiOjI0MDAwMDAwMDAwMDAsInJlYWQiOjI0MDAwMDAwMDAwMDAsInVwZGF0ZSI6MzYwMDAwMDAwMDAwMH0sInNjaGVtYV92ZXJzaW9uIjoiMSJ9"
        }
      ]
    },
    {
      "module": "module.pubsub",
      "mode": "managed",
      "type": "google_pubsub_subscription",
      "name": "worker_sub",
      "provider": "provider[\"registry.terraform.io/hashicorp/google\"]",
      "instances": [
        {
          "schema_version": 0,
          "attributes": {
            "ack_deadline_seconds": 30,
            "bigquery_config": [],
            "cloud_storage_config": [],
            "dead_letter_policy": [],
            "enable_exactly_once_delivery": false,
            "enable_message_ordering": false,
            "expiration_policy": [
              {
                "ttl": "2678400s"
              }
            ],
            "filter": "",
            "id": "projects/cv-parser-460110/subscriptions/cv-parse-sub",
            "labels": {},
            "message_retention_duration": "604800s",
            "name": "cv-parse-sub",
            "project": "cv-parser-460110",
            "push_config": [],
            "retain_acked_messages": false,
            "retry_policy": [],
            "timeouts": null,
            "topic": "projects/cv-parser-460110/topics/cv-parse-topic"
          },
          "sensitive_attributes": [],
          "identity_schema_version": 0,
          "private": "eyJlMmJmYjczMC1lY2FhLTExZTYtOGY4OC0zNDM2M2JjN2M0YzAiOnsiY3JlYXRlIjoxMjAwMDAwMDAwMDAwLCJkZWxldGUiOjEyMDAwMDAwMDAwMDAsInVwZGF0ZSI6MTIwMDAwMDAwMDAwMH19",
          "dependencies": [
            "module.pubsub.google_pubsub_topic.parse_topic"
          ]
        }
      ]
    },
    {
      "module": "module.pubsub",
      "mode": "managed",
      "type": "google_pubsub_topic",
      "name": "parse_topic",
      "provider": "provider[\"registry.terraform.io/hashicorp/google\"]",
      "instances": [
        {
          "schema_version": 0,
          "attributes": {
            "id": "projects/cv-parser-460110/topics/cv-parse-topic",
            "kms_key_name": "",
            "labels": {},
            "message_retention_duration": "",
            "message_storage_policy": [],
            "name": "cv-parse-topic",
            "project": "cv-parser-460110",
            "schema_settings": [],
            "timeouts": null
          },
          "sensitive_attributes": [],
          "identity_schema_version": 0,
          "private": "eyJlMmJmYjczMC1lY2FhLTExZTYtOGY4OC0zNDM2M2JjN2M0YzAiOnsiY3JlYXRlIjoxMjAwMDAwMDAwMDAwLCJkZWxldGUiOjEyMDAwMDAwMDAwMDAsInVwZGF0ZSI6MTIwMDAwMDAwMDAwMH19"
        }
      ]
    }
  ],
  "check_results": null
}
