{
  "version": 4,
  "terraform_version": "1.12.0",
  "serial": 60,
  "lineage": "e423c889-762f-ed08-b143-ff1e9fa5816a",
  "outputs": {},
  "resources": [
    {
      "module": "module.cloud_sql",
      "mode": "managed",
      "type": "google_sql_database",
      "name": "app_db",
      "provider": "provider[\"registry.terraform.io/hashicorp/google\"]",
      "instances": [
        {
          "schema_version": 0,
          "attributes": {
            "charset": "UTF8",
            "collation": "en_US.UTF8",
            "deletion_policy": "DELETE",
            "id": "projects/cv-parser-460110/instances/cv-parser-db/databases/app",
            "instance": "cv-parser-db",
            "name": "app",
            "project": "cv-parser-460110",
            "self_link": "https://sqladmin.googleapis.com/sql/v1beta4/projects/cv-parser-460110/instances/cv-parser-db/databases/app",
            "timeouts": null
          },
          "sensitive_attributes": [],
          "identity_schema_version": 0,
          "private": "eyJlMmJmYjczMC1lY2FhLTExZTYtOGY4OC0zNDM2M2JjN2M0YzAiOnsiY3JlYXRlIjoxMjAwMDAwMDAwMDAwLCJkZWxldGUiOjEyMDAwMDAwMDAwMDAsInVwZGF0ZSI6MTIwMDAwMDAwMDAwMH19",
          "dependencies": [
            "module.cloud_sql.google_sql_database_instance.postgres"
          ]
        }
      ]
    },
    {
      "module": "module.cloud_sql",
      "mode": "managed",
      "type": "google_sql_database_instance",
      "name": "postgres",
      "provider": "provider[\"registry.terraform.io/hashicorp/google\"]",
      "instances": [
        {
          "schema_version": 0,
          "attributes": {
            "available_maintenance_versions": [],
            "clone": [],
            "connection_name": "cv-parser-460110:us-central1:cv-parser-db",
            "database_version": "POSTGRES_14",
            "deletion_protection": true,
            "dns_name": "",
            "encryption_key_name": null,
            "first_ip_address": "34.67.195.182",
            "id": "cv-parser-db",
            "instance_type": "CLOUD_SQL_INSTANCE",
            "ip_address": [
              {
                "ip_address": "34.67.195.182",
                "time_to_retire": "",
                "type": "PRIMARY"
              },
              {
                "ip_address": "34.55.255.97",
                "time_to_retire": "",
                "type": "OUTGOING"
              }
            ],
            "maintenance_version": "POSTGRES_14_18.R20250302.00_19",
            "master_instance_name": "",
            "name": "cv-parser-db",
            "private_ip_address": "",
            "project": "cv-parser-460110",
            "psc_service_attachment_link": "",
            "public_ip_address": "34.67.195.182",
            "region": "us-central1",
            "replica_configuration": [],
            "restore_backup_context": [],
            "root_password": null,
            "self_link": "https://sqladmin.googleapis.com/sql/v1beta4/projects/cv-parser-460110/instances/cv-parser-db",
            "server_ca_cert": [
              {
                "cert": "-----BEGIN CERTIFICATE-----\nMIIDfzCCAmegAwIBAgIBADANBgkqhkiG9w0BAQsFADB3MS0wKwYDVQQuEyQ1YmQ3\nZjkzMC00M2M3LTRmNTAtYTVhZi1hZDkyMGU2YTY2OWYxIzAhBgNVBAMTGkdvb2ds\nZSBDbG91ZCBTUUwgU2VydmVyIENBMRQwEgYDVQQKEwtHb29nbGUsIEluYzELMAkG\nA1UEBhMCVVMwHhcNMjUwNTE5MTUxMDU1WhcNMzUwNTE3MTUxMTU1WjB3MS0wKwYD\nVQQuEyQ1YmQ3ZjkzMC00M2M3LTRmNTAtYTVhZi1hZDkyMGU2YTY2OWYxIzAhBgNV\nBAMTGkdvb2dsZSBDbG91ZCBTUUwgU2VydmVyIENBMRQwEgYDVQQKEwtHb29nbGUs\nIEluYzELMAkGA1UEBhMCVVMwggEiMA0GCSqGSIb3DQEBAQUAA4IBDwAwggEKAoIB\nAQDYXb0z4AvcL8dEx4VNQZqMsvaU3fO//KPz2ePpKTEQE9/P4chPv9F10tGjJYSF\nc8ZsOSX2QbytpQ9BXG1++IKVYgynl9B//LdlDRaHRlWBLcBDym4mPRrb1Z8GAKKO\nGfyDkfvu72MF6cjSznnX9pS+xK6qzdXa4m1/pAW7t9KC6nEFf5Djfk427q+++EWA\n4UPpfwCiMZ9cRxzQyxNDBIzCsY7IVA2PbCPt9VW+BFz99LzCRfLt7UQtmICrsBif\nZwsdiLRgOQ6gkx1u6RrW4lV/MPnfazLPZUOD0iuCbZmqbhqsYv2O1dtZ4tYpijnC\noB1I9I6Oxzfy/LFuOv0c1gTzAgMBAAGjFjAUMBIGA1UdEwEB/wQIMAYBAf8CAQAw\nDQYJKoZIhvcNAQELBQADggEBAIKcL2rA239sLuRATBKRjMQOFSc2ST28Sh+gXFoJ\nTBE+/HAIZNp83uiJy1pMqG1ajrayrBSq7apTg/iquP6jDVvtKmJNurXfykbhOehZ\nCcyehAMVyiGcxO6z54GeIdoZ4AZVdymOj/PHGEPrsEjMd9tjzmrsq0rwx1i0S/g/\n1GG+PwoDCUodIIJGveS0R+s/OE5W7E+e5v4fCwNFjQP00lgJxX3BZvNetwKbvY+X\nhFm/5O1c8+mdea6dMZdRdqtkA7NbQDEGOMBXVeaWtKVslhxU97Onc3AQS4cTvMy3\nFouyeV98Kx5TEqHiNIl0UbFyo/90kSDdW41rS5xdBIG0ScA=\n-----END CERTIFICATE-----",
                "common_name": "C=US,O=Google\\, Inc,CN=Google Cloud SQL Server CA,dnQualifier=5bd7f930-43c7-4f50-a5af-ad920e6a669f",
                "create_time": "2025-05-19T15:10:55.900Z",
                "expiration_time": "2035-05-17T15:11:55.900Z",
                "sha1_fingerprint": "420222fe0c25bda2fbef27a46a8e72c69617c943"
              }
            ],
            "service_account_email_address": "p264936303991-qfjiur@gcp-sa-cloud-sql.iam.gserviceaccount.com",
            "settings": [
              {
                "activation_policy": "ALWAYS",
                "active_directory_config": [],
                "advanced_machine_features": [],
                "availability_type": "ZONAL",
                "backup_configuration": [
                  {
                    "backup_retention_settings": [
                      {
                        "retained_backups": 7,
                        "retention_unit": "COUNT"
                      }
                    ],
                    "binary_log_enabled": false,
                    "enabled": false,
                    "location": "",
                    "point_in_time_recovery_enabled": false,
                    "start_time": "03:00",
                    "transaction_log_retention_days": 7
                  }
                ],
                "collation": "",
                "connector_enforcement": "NOT_REQUIRED",
                "data_cache_config": [],
                "database_flags": [],
                "deletion_protection_enabled": false,
                "deny_maintenance_period": [],
                "disk_autoresize": true,
                "disk_autoresize_limit": 0,
                "disk_size": 10,
                "disk_type": "PD_SSD",
                "edition": "",
                "insights_config": [],
                "ip_configuration": [
                  {
                    "allocated_ip_range": "",
                    "authorized_networks": [],
                    "enable_private_path_for_google_cloud_services": false,
                    "ipv4_enabled": true,
                    "private_network": "",
                    "psc_config": [],
                    "require_ssl": false
                  }
                ],
                "location_preference": [
                  {
                    "follow_gae_application": "",
                    "secondary_zone": "",
                    "zone": "us-central1-c"
                  }
                ],
                "maintenance_window": [],
                "password_validation_policy": [],
                "pricing_plan": "PER_USE",
                "sql_server_audit_config": [],
                "tier": "db-f1-micro",
                "time_zone": "",
                "user_labels": {},
                "version": 3
              }
            ],
            "timeouts": null
          },
          "sensitive_attributes": [
            [
              {
                "type": "get_attr",
                "value": "root_password"
              }
            ]
          ],
          "identity_schema_version": 0,
          "private": "eyJlMmJmYjczMC1lY2FhLTExZTYtOGY4OC0zNDM2M2JjN2M0YzAiOnsiY3JlYXRlIjoyNDAwMDAwMDAwMDAwLCJkZWxldGUiOjE4MDAwMDAwMDAwMDAsInVwZGF0ZSI6MTgwMDAwMDAwMDAwMH19"
        }
      ]
    },
    {
      "module": "module.function",
      "mode": "data",
      "type": "archive_file",
      "name": "function_zip",
      "provider": "provider[\"registry.terraform.io/hashicorp/archive\"]",
      "instances": [
        {
          "schema_version": 0,
          "attributes": {
            "exclude_symlink_directories": null,
            "excludes": null,
            "id": "c54735c873250543c893dafaaacf628e51ad7d84",
            "output_base64sha256": "iQI/gwIVOaNc1rXwsm53VdAgUokjkhUxErNV0meEhq4=",
            "output_base64sha512": "kDka0j6u1ZYzPjcJxSjdx1tuorPoCA0nwJiUrtdMTB3F6KKjs295BXMse4b04QZypEEjEGIJtxLtYqjeQf5usQ==",
            "output_file_mode": null,
            "output_md5": "7ce61c9b9dc333f42f9f944629e577c2",
            "output_path": "function/cv-parse-logger.zip",
            "output_sha": "c54735c873250543c893dafaaacf628e51ad7d84",
            "output_sha256": "89023f83021539a35cd6b5f0b26e7755d02052892392153112b355d2678486ae",
            "output_sha512": "90391ad23eaed596333e3709c528ddc75b6ea2b3e8080d27c09894aed74c4c1dc5e8a2a3b36f7905732c7b86f4e10672a44123106209b712ed62a8de41fe6eb1",
            "output_size": 365,
            "source": [],
            "source_content": null,
            "source_content_filename": null,
            "source_dir": "function/../../api/functions",
            "source_file": null,
            "type": "zip"
          },
          "sensitive_attributes": [],
          "identity_schema_version": 0
        }
      ]
    },
    {
      "module": "module.function",
      "mode": "managed",
      "type": "google_cloudfunctions_function",
      "name": "logger",
      "provider": "provider[\"registry.terraform.io/hashicorp/google\"]",
      "instances": [
        {
          "schema_version": 0,
          "attributes": {
            "available_memory_mb": 128,
            "build_environment_variables": null,
            "build_worker_pool": "",
            "description": "",
            "docker_registry": "ARTIFACT_REGISTRY",
            "docker_repository": "",
            "entry_point": "subscriber",
            "environment_variables": {},
            "event_trigger": [
              {
                "event_type": "google.pubsub.topic.publish",
                "failure_policy": [
                  {
                    "retry": false
                  }
                ],
                "resource": "projects/cv-parser-460110/topics/cv-parse-topic"
              }
            ],
            "https_trigger_security_level": null,
            "https_trigger_url": null,
            "id": "projects/cv-parser-460110/locations/us-central1/functions/cv-parse-logger",
            "ingress_settings": "ALLOW_ALL",
            "kms_key_name": "",
            "labels": {},
            "max_instances": 3000,
            "min_instances": 0,
            "name": "cv-parse-logger",
            "project": "cv-parser-460110",
            "region": "us-central1",
            "runtime": "python310",
            "secret_environment_variables": [],
            "secret_volumes": [],
            "service_account_email": "cv-parser-460110@appspot.gserviceaccount.com",
            "source_archive_bucket": "cv-parser-460110-functions",
            "source_archive_object": "cv-parse-logger.zip",
            "source_repository": [],
            "status": "ACTIVE",
            "timeout": 60,
            "timeouts": null,
            "trigger_http": null,
            "vpc_connector": "",
            "vpc_connector_egress_settings": ""
          },
          "sensitive_attributes": [],
          "identity_schema_version": 0,
          "private": "eyJlMmJmYjczMC1lY2FhLTExZTYtOGY4OC0zNDM2M2JjN2M0YzAiOnsiY3JlYXRlIjozMDAwMDAwMDAwMDAsImRlbGV0ZSI6MzAwMDAwMDAwMDAwLCJyZWFkIjozMDAwMDAwMDAwMDAsInVwZGF0ZSI6MzAwMDAwMDAwMDAwfX0=",
          "dependencies": [
            "module.function.data.archive_file.function_zip",
            "module.function.google_storage_bucket.functions_bucket",
            "module.function.google_storage_bucket_object.function_zip",
            "module.pubsub.google_pubsub_topic.parse_topic"
          ]
        }
      ]
    },
    {
      "module": "module.function",
      "mode": "managed",
      "type": "google_storage_bucket",
      "name": "functions_bucket",
      "provider": "provider[\"registry.terraform.io/hashicorp/google\"]",
      "instances": [
        {
          "schema_version": 0,
          "attributes": {
            "autoclass": [],
            "cors": [],
            "custom_placement_config": [],
            "default_event_based_hold": false,
            "encryption": [],
            "force_destroy": false,
            "id": "cv-parser-460110-functions",
            "labels": {},
            "lifecycle_rule": [],
            "location": "US-CENTRAL1",
            "logging": [],
            "name": "cv-parser-460110-functions",
            "project": "cv-parser-460110",
            "public_access_prevention": "inherited",
            "requester_pays": false,
            "retention_policy": [],
            "self_link": "https://www.googleapis.com/storage/v1/b/cv-parser-460110-functions",
            "soft_delete_policy": [
              {
                "effective_time": "2025-05-20T17:10:48.497Z",
                "retention_duration_seconds": 604800
              }
            ],
            "storage_class": "STANDARD",
            "timeouts": null,
            "uniform_bucket_level_access": false,
            "url": "gs://cv-parser-460110-functions",
            "versioning": [],
            "website": []
          },
          "sensitive_attributes": [],
          "identity_schema_version": 0,
          "private": "eyJlMmJmYjczMC1lY2FhLTExZTYtOGY4OC0zNDM2M2JjN2M0YzAiOnsiY3JlYXRlIjo2MDAwMDAwMDAwMDAsInJlYWQiOjI0MDAwMDAwMDAwMCwidXBkYXRlIjoyNDAwMDAwMDAwMDB9fQ=="
        }
      ]
    },
    {
      "module": "module.function",
      "mode": "managed",
      "type": "google_storage_bucket_object",
      "name": "function_zip",
      "provider": "provider[\"registry.terraform.io/hashicorp/google\"]",
      "instances": [
        {
          "schema_version": 0,
          "attributes": {
            "bucket": "cv-parser-460110-functions",
            "cache_control": "",
            "content": null,
            "content_disposition": "",
            "content_encoding": "",
            "content_language": "",
            "content_type": "application/zip",
            "crc32c": "+96Xow==",
            "customer_encryption": [],
            "detect_md5hash": "fOYcm53DM/Qvn5RGKeV3wg==",
            "event_based_hold": false,
            "id": "cv-parser-460110-functions-cv-parse-logger.zip",
            "kms_key_name": "",
            "md5hash": "fOYcm53DM/Qvn5RGKeV3wg==",
            "media_link": "https://storage.googleapis.com/download/storage/v1/b/cv-parser-460110-functions/o/cv-parse-logger.zip?generation=1747761049914040\u0026alt=media",
            "metadata": {},
            "name": "cv-parse-logger.zip",
            "output_name": "cv-parse-logger.zip",
            "self_link": "https://www.googleapis.com/storage/v1/b/cv-parser-460110-functions/o/cv-parse-logger.zip",
            "source": "function/cv-parse-logger.zip",
            "storage_class": "STANDARD",
            "temporary_hold": false,
            "timeouts": null
          },
          "sensitive_attributes": [
            [
              {
                "type": "get_attr",
                "value": "content"
              }
            ]
          ],
          "identity_schema_version": 0,
          "private": "eyJlMmJmYjczMC1lY2FhLTExZTYtOGY4OC0zNDM2M2JjN2M0YzAiOnsiY3JlYXRlIjoyNDAwMDAwMDAwMDAsImRlbGV0ZSI6MjQwMDAwMDAwMDAwLCJ1cGRhdGUiOjI0MDAwMDAwMDAwMH19",
          "dependencies": [
            "module.function.data.archive_file.function_zip",
            "module.function.google_storage_bucket.functions_bucket"
          ]
        }
      ]
    },
    {
      "module": "module.gke",
      "mode": "managed",
      "type": "google_container_cluster",
      "name": "primary",
      "provider": "provider[\"registry.terraform.io/hashicorp/google\"]",
      "instances": [
        {
          "schema_version": 1,
          "attributes": {
            "addons_config": [
              {
                "cloudrun_config": [],
                "config_connector_config": [],
                "dns_cache_config": [],
                "gce_persistent_disk_csi_driver_config": [
                  {
                    "enabled": true
                  }
                ],
                "gcp_filestore_csi_driver_config": [],
                "gcs_fuse_csi_driver_config": [],
                "gke_backup_agent_config": [],
                "horizontal_pod_autoscaling": [],
                "http_load_balancing": [],
                "network_policy_config": [
                  {
                    "disabled": true
                  }
                ]
              }
            ],
            "allow_net_admin": null,
            "authenticator_groups_config": [],
            "binary_authorization": [
              {
                "enabled": false,
                "evaluation_mode": ""
              }
            ],
            "cluster_autoscaling": [
              {
                "auto_provisioning_defaults": [],
                "enabled": false,
                "resource_limits": []
              }
            ],
            "cluster_ipv4_cidr": "10.0.0.0/14",
            "confidential_nodes": [],
            "cost_management_config": [],
            "database_encryption": [
              {
                "key_name": "",
                "state": "DECRYPTED"
              }
            ],
            "datapath_provider": "",
            "default_max_pods_per_node": null,
            "default_snat_status": [
              {
                "disabled": false
              }
            ],
            "description": "",
            "dns_config": [],
            "enable_autopilot": false,
            "enable_binary_authorization": false,
            "enable_intranode_visibility": false,
            "enable_k8s_beta_apis": [],
            "enable_kubernetes_alpha": false,
            "enable_l4_ilb_subsetting": false,
            "enable_legacy_abac": false,
            "enable_shielded_nodes": true,
            "enable_tpu": false,
            "endpoint": "35.226.152.108",
            "gateway_api_config": [],
            "id": "projects/cv-parser-460110/locations/us-central1/clusters/cv-parser-gke-cluster",
            "initial_node_count": 1,
            "ip_allocation_policy": [],
            "label_fingerprint": "a9dc16a7",
            "location": "us-central1",
            "logging_config": [
              {
                "enable_components": [
                  "SYSTEM_COMPONENTS",
                  "WORKLOADS"
                ]
              }
            ],
            "logging_service": "logging.googleapis.com/kubernetes",
            "maintenance_policy": [],
            "master_auth": [
              {
                "client_certificate": "",
                "client_certificate_config": [
                  {
                    "issue_client_certificate": false
                  }
                ],
                "client_key": "",
                "cluster_ca_certificate": "LS0tLS1CRUdJTiBDRVJUSUZJQ0FURS0tLS0tCk1JSUVMVENDQXBXZ0F3SUJBZ0lSQUpVK2EvNVlELzBZWWREQzFXT1E3YjR3RFFZSktvWklodmNOQVFFTEJRQXcKTHpFdE1Dc0dBMVVFQXhNa05EQTBPRFV3WlRBdFpqQTNOQzAwWlRSakxUbGlPVEl0WXpFM09XSmhPVFUxTVdVeQpNQ0FYRFRJMU1EVXhPVEU1TURReU1sb1lEekl3TlRVd05URXlNakF3TkRJeVdqQXZNUzB3S3dZRFZRUURFeVEwCk1EUTROVEJsTUMxbU1EYzBMVFJsTkdNdE9XSTVNaTFqTVRjNVltRTVOVFV4WlRJd2dnR2lNQTBHQ1NxR1NJYjMKRFFFQkFRVUFBNElCandBd2dnR0tBb0lCZ1FEbDVjMTBmTk9vRkJMRFNLSUIzRmh1dW9JZE1ZMW9rS3NJVGlwKwphYnhhcUNZUlJVTlFNSDc4Yng1ZFR6VnYrR2JkYURMeGIrdVVrN2o3RVdTOXVUNW1NbDZHM3VhK2lSc29lOEw0CmoxMm45YktnOS8vRUl0cDlsanBXTnptU0tsSlUxdWltVFdZaERaeUxOTDhjNXpQRS9kZUlNSXI5Rmkrc3gzNVYKZk5idlluRXp1NHV4ajZNZVVsN3JOM0N3R0RzaE5iMjBpOFA5K1gxQWxVNXI2dGxLVE0vRUlHZ1pTaW1sSVU3NApQeUF3WXVPa1lMdWp0VmdieUc2anV1R1owNE52b256c3lmc3cxSUJ4RWpQdk44eXc3KzVmcytqdU1QdFRleVJtCnhHdTQwbTJHcUFuTEZwUmFWazBDUmNZdVFSMUtOK2t6S2FJNC9salhTZnd6RFFXSStwNzRSQXZqcGIrNTZMREwKdzMra1lHY3BMcDZyV1A3S00zYUpPL3M2Mmp0bE1WQ3FFV2pKWE9QQ2NqNXFNNjdRK2RlVllQMmhxa1FSaGs0NAplS1RNcE5aZURHWUhOUnVCUU90VHpiYWtEZ1p2M2E2MERsZ2VaRFdhV1pEVnlnNjNhU3RXZkkvcUhCc3Rnb1RXCjhQd3lxN050eStVTjBSdG5FKzNvMWQ1OXNrTUNBd0VBQWFOQ01FQXdEZ1lEVlIwUEFRSC9CQVFEQWdJRU1BOEcKQTFVZEV3RUIvd1FGTUFNQkFmOHdIUVlEVlIwT0JCWUVGTEMyNjBZV3ZsQ0J4OVJVU1RQNmx4NHZyZEorTUEwRwpDU3FHU0liM0RRRUJDd1VBQTRJQmdRQWRnM01HSGgvR0JUb3JNSis0NGhUWk94RmRabW1pajNyUWJES2t2cGpSClI5b0dvR3hzaVlWcmxnazQ5b2FVWDR0dFBRbUFtQUlJWTVoaDVYU2UySkgvWjdWdEc3M3IvWitMUndKVUxBQUoKK3o4SnExSitsUWFVK2RkZWFoSExIbE9IRGJnRC9ZQ2tzRkwzZlhYcURPSUVsT1Y5SEhGMmNOVzc0RE5HK1lRdAo3MVZpeWJJRWFqc1dOK3B0QXFaUGd6eHZ0ZHA4bTdZZTEydFBNVFcrVkFVdFl2WmFod3l3azl1M1NXNEh4amNOClJuMlhvbzV2cjdQeDV5bjhJVFVJOStqNzJXNDZjS3RCSGRvMHYwU1lQb3pOQlY5ck53dHFxNElXQ3p5em1DUHMKVHVLc1F5YVh6TTFCZGlsNTc4T2F5NS96em03cFcyUXJOSHJVT1lFWEwyYWs5NGF5azN3YkRtcUppV0FBWGZ1Ugo3V1V4RVowYmhhcDM0U3NHWmZRUXBKS3U1YVRFQWVTWUpOZDhqZ2tJZ3dORC9LRTV0bW9UaXpoU2x2MGRhc2JlCm4yQUl0NkpHOVhXM0xzaFE3d0xnbnJQT0xXTzF0ZXIwL3VnTWo3RWI2eXhxK0I3S3VueUE0RU1mL3E5MGF3TVEKbi9LdGFTR0tCenArbHlGZytzNTV3Y1U9Ci0tLS0tRU5EIENFUlRJRklDQVRFLS0tLS0K"
              }
            ],
            "master_authorized_networks_config": [],
            "master_version": "1.32.3-gke.1785003",
            "mesh_certificates": [],
            "min_master_version": null,
            "monitoring_config": [
              {
                "advanced_datapath_observability_config": [
                  {
                    "enable_metrics": false,
                    "relay_mode": ""
                  }
                ],
                "enable_components": [
                  "SYSTEM_COMPONENTS",
                  "DEPLOYMENT",
                  "STATEFULSET",
                  "JOBSET",
                  "STORAGE",
                  "HPA",
                  "POD",
                  "DAEMONSET",
                  "KUBELET",
                  "CADVISOR",
                  "DCGM"
                ],
                "managed_prometheus": [
                  {
                    "enabled": true
                  }
                ]
              }
            ],
            "monitoring_service": "monitoring.googleapis.com/kubernetes",
            "name": "cv-parser-gke-cluster",
            "network": "projects/cv-parser-460110/global/networks/default",
            "network_policy": [
              {
                "enabled": false,
                "provider": "PROVIDER_UNSPECIFIED"
              }
            ],
            "networking_mode": "ROUTES",
            "node_config": [
              {
                "advanced_machine_features": [],
                "boot_disk_kms_key": "",
                "confidential_nodes": [],
                "disk_size_gb": 100,
                "disk_type": "pd-balanced",
                "ephemeral_storage_local_ssd_config": [],
                "fast_socket": [],
                "gcfs_config": [],
                "guest_accelerator": [],
                "gvnic": [],
                "host_maintenance_policy": [],
                "image_type": "COS_CONTAINERD",
                "kubelet_config": [
                  {
                    "cpu_cfs_quota": false,
                    "cpu_cfs_quota_period": "",
                    "cpu_manager_policy": "",
                    "pod_pids_limit": 0
                  }
                ],
                "labels": {},
                "linux_node_config": [],
                "local_nvme_ssd_block_config": [],
                "local_ssd_count": 0,
                "logging_variant": "DEFAULT",
                "machine_type": "e2-medium",
                "metadata": {
                  "disable-legacy-endpoints": "true"
                },
                "min_cpu_platform": "",
                "node_group": "",
                "oauth_scopes": [
                  "https://www.googleapis.com/auth/cloud-platform"
                ],
                "preemptible": false,
                "reservation_affinity": [],
                "resource_labels": {
                  "goog-gke-node-pool-provisioning-model": "on-demand"
                },
                "service_account": "default",
                "shielded_instance_config": [
                  {
                    "enable_integrity_monitoring": true,
                    "enable_secure_boot": false
                  }
                ],
                "sole_tenant_config": [],
                "spot": false,
                "tags": [],
                "taint": [],
                "workload_metadata_config": []
              }
            ],
            "node_locations": [
              "us-central1-a",
              "us-central1-b",
              "us-central1-f"
            ],
            "node_pool": [
              {
                "autoscaling": [],
                "initial_node_count": 1,
                "instance_group_urls": [
                  "https://www.googleapis.com/compute/v1/projects/cv-parser-460110/zones/us-central1-a/instanceGroupManagers/gke-cv-parser-gke-cluste-default-pool-0dc61dd6-grp",
                  "https://www.googleapis.com/compute/v1/projects/cv-parser-460110/zones/us-central1-b/instanceGroupManagers/gke-cv-parser-gke-cluste-default-pool-82ccef9a-grp",
                  "https://www.googleapis.com/compute/v1/projects/cv-parser-460110/zones/us-central1-f/instanceGroupManagers/gke-cv-parser-gke-cluste-default-pool-ec2bcf4a-grp"
                ],
                "managed_instance_group_urls": [
                  "https://www.googleapis.com/compute/v1/projects/cv-parser-460110/zones/us-central1-a/instanceGroups/gke-cv-parser-gke-cluste-default-pool-0dc61dd6-grp",
                  "https://www.googleapis.com/compute/v1/projects/cv-parser-460110/zones/us-central1-b/instanceGroups/gke-cv-parser-gke-cluste-default-pool-82ccef9a-grp",
                  "https://www.googleapis.com/compute/v1/projects/cv-parser-460110/zones/us-central1-f/instanceGroups/gke-cv-parser-gke-cluste-default-pool-ec2bcf4a-grp"
                ],
                "management": [
                  {
                    "auto_repair": true,
                    "auto_upgrade": true
                  }
                ],
                "max_pods_per_node": 0,
                "name": "default-pool",
                "name_prefix": "",
                "network_config": [],
                "node_config": [
                  {
                    "advanced_machine_features": [],
                    "boot_disk_kms_key": "",
                    "confidential_nodes": [],
                    "disk_size_gb": 100,
                    "disk_type": "pd-balanced",
                    "ephemeral_storage_local_ssd_config": [],
                    "fast_socket": [],
                    "gcfs_config": [],
                    "guest_accelerator": [],
                    "gvnic": [],
                    "host_maintenance_policy": [],
                    "image_type": "COS_CONTAINERD",
                    "kubelet_config": [
                      {
                        "cpu_cfs_quota": false,
                        "cpu_cfs_quota_period": "",
                        "cpu_manager_policy": "",
                        "pod_pids_limit": 0
                      }
                    ],
                    "labels": {},
                    "linux_node_config": [],
                    "local_nvme_ssd_block_config": [],
                    "local_ssd_count": 0,
                    "logging_variant": "DEFAULT",
                    "machine_type": "e2-medium",
                    "metadata": {
                      "disable-legacy-endpoints": "true"
                    },
                    "min_cpu_platform": "",
                    "node_group": "",
                    "oauth_scopes": [
                      "https://www.googleapis.com/auth/cloud-platform"
                    ],
                    "preemptible": false,
                    "reservation_affinity": [],
                    "resource_labels": {
                      "goog-gke-node-pool-provisioning-model": "on-demand"
                    },
                    "service_account": "default",
                    "shielded_instance_config": [
                      {
                        "enable_integrity_monitoring": true,
                        "enable_secure_boot": false
                      }
                    ],
                    "sole_tenant_config": [],
                    "spot": false,
                    "tags": [],
                    "taint": [],
                    "workload_metadata_config": []
                  }
                ],
                "node_count": 1,
                "node_locations": [
                  "us-central1-a",
                  "us-central1-b",
                  "us-central1-f"
                ],
                "placement_policy": [],
                "upgrade_settings": [
                  {
                    "blue_green_settings": [],
                    "max_surge": 1,
                    "max_unavailable": 0,
                    "strategy": "SURGE"
                  }
                ],
                "version": "1.32.3-gke.1785003"
              }
            ],
            "node_pool_auto_config": [
              {
                "network_tags": []
              }
            ],
            "node_pool_defaults": [
              {
                "node_config_defaults": [
                  {
                    "logging_variant": "DEFAULT"
                  }
                ]
              }
            ],
            "node_version": "1.32.3-gke.1785003",
            "notification_config": [
              {
                "pubsub": [
                  {
                    "enabled": false,
                    "filter": [],
                    "topic": ""
                  }
                ]
              }
            ],
            "operation": null,
            "private_cluster_config": [
              {
                "enable_private_endpoint": false,
                "enable_private_nodes": false,
                "master_global_access_config": [
                  {
                    "enabled": false
                  }
                ],
                "master_ipv4_cidr_block": "",
                "peering_name": "",
                "private_endpoint": "10.128.0.6",
                "private_endpoint_subnetwork": "",
                "public_endpoint": "35.226.152.108"
              }
            ],
            "private_ipv6_google_access": "",
            "project": "cv-parser-460110",
            "release_channel": [
              {
                "channel": "REGULAR"
              }
            ],
            "remove_default_node_pool": null,
            "resource_labels": {},
            "resource_usage_export_config": [],
            "security_posture_config": [
              {
                "mode": "BASIC",
                "vulnerability_mode": "VULNERABILITY_MODE_UNSPECIFIED"
              }
            ],
            "self_link": "https://container.googleapis.com/v1/projects/cv-parser-460110/locations/us-central1/clusters/cv-parser-gke-cluster",
            "service_external_ips_config": [
              {
                "enabled": false
              }
            ],
            "services_ipv4_cidr": "10.3.240.0/20",
            "subnetwork": "projects/cv-parser-460110/regions/us-central1/subnetworks/default",
            "timeouts": null,
            "tpu_ipv4_cidr_block": "",
            "vertical_pod_autoscaling": [],
            "workload_identity_config": []
          },
          "sensitive_attributes": [
            [
              {
                "type": "get_attr",
                "value": "master_auth"
              },
              {
                "type": "index",
                "value": {
                  "value": 0,
                  "type": "number"
                }
              },
              {
                "type": "get_attr",
                "value": "client_key"
              }
            ]
          ],
          "identity_schema_version": 0,
          "private": "eyJlMmJmYjczMC1lY2FhLTExZTYtOGY4OC0zNDM2M2JjN2M0YzAiOnsiY3JlYXRlIjoyNDAwMDAwMDAwMDAwLCJkZWxldGUiOjI0MDAwMDAwMDAwMDAsInJlYWQiOjI0MDAwMDAwMDAwMDAsInVwZGF0ZSI6MzYwMDAwMDAwMDAwMH0sInNjaGVtYV92ZXJzaW9uIjoiMSJ9"
        }
      ]
    },
    {
      "module": "module.pubsub",
      "mode": "managed",
      "type": "google_pubsub_subscription",
      "name": "worker_sub",
      "provider": "provider[\"registry.terraform.io/hashicorp/google\"]",
      "instances": [
        {
          "schema_version": 0,
          "attributes": {
            "ack_deadline_seconds": 30,
            "bigquery_config": [],
            "cloud_storage_config": [],
            "dead_letter_policy": [],
            "enable_exactly_once_delivery": false,
            "enable_message_ordering": false,
            "expiration_policy": [
              {
                "ttl": "2678400s"
              }
            ],
            "filter": "",
            "id": "projects/cv-parser-460110/subscriptions/cv-parse-sub",
            "labels": {},
            "message_retention_duration": "604800s",
            "name": "cv-parse-sub",
            "project": "cv-parser-460110",
            "push_config": [],
            "retain_acked_messages": false,
            "retry_policy": [],
            "timeouts": null,
            "topic": "projects/cv-parser-460110/topics/cv-parse-topic"
          },
          "sensitive_attributes": [],
          "identity_schema_version": 0,
          "private": "eyJlMmJmYjczMC1lY2FhLTExZTYtOGY4OC0zNDM2M2JjN2M0YzAiOnsiY3JlYXRlIjoxMjAwMDAwMDAwMDAwLCJkZWxldGUiOjEyMDAwMDAwMDAwMDAsInVwZGF0ZSI6MTIwMDAwMDAwMDAwMH19",
          "dependencies": [
            "module.pubsub.google_pubsub_topic.parse_topic"
          ]
        }
      ]
    },
    {
      "module": "module.pubsub",
      "mode": "managed",
      "type": "google_pubsub_topic",
      "name": "parse_topic",
      "provider": "provider[\"registry.terraform.io/hashicorp/google\"]",
      "instances": [
        {
          "schema_version": 0,
          "attributes": {
            "id": "projects/cv-parser-460110/topics/cv-parse-topic",
            "kms_key_name": "",
            "labels": {},
            "message_retention_duration": "",
            "message_storage_policy": [],
            "name": "cv-parse-topic",
            "project": "cv-parser-460110",
            "schema_settings": [],
            "timeouts": null
          },
          "sensitive_attributes": [],
          "identity_schema_version": 0,
          "private": "eyJlMmJmYjczMC1lY2FhLTExZTYtOGY4OC0zNDM2M2JjN2M0YzAiOnsiY3JlYXRlIjoxMjAwMDAwMDAwMDAwLCJkZWxldGUiOjEyMDAwMDAwMDAwMDAsInVwZGF0ZSI6MTIwMDAwMDAwMDAwMH19"
        }
      ]
    },
    {
      "module": "module.vm",
      "mode": "managed",
      "type": "google_compute_instance",
      "name": "worker",
      "provider": "provider[\"registry.terraform.io/hashicorp/google\"]",
      "instances": [
        {
          "status": "tainted",
          "schema_version": 6,
          "attributes": {
            "advanced_machine_features": [],
            "allow_stopping_for_update": null,
            "attached_disk": [],
            "boot_disk": [
              {
                "auto_delete": true,
                "device_name": "persistent-disk-0",
                "disk_encryption_key_raw": "",
                "disk_encryption_key_sha256": "",
                "initialize_params": [
                  {
                    "image": "https://www.googleapis.com/compute/v1/projects/debian-cloud/global/images/debian-11-bullseye-v20250513",
                    "labels": {},
                    "resource_manager_tags": null,
                    "size": 10,
                    "type": "pd-standard"
                  }
                ],
                "kms_key_self_link": "",
                "mode": "READ_WRITE",
                "source": "https://www.googleapis.com/compute/v1/projects/cv-parser-460110/zones/us-central1-a/disks/cv-parser-worker"
              }
            ],
            "can_ip_forward": false,
            "confidential_instance_config": [],
            "cpu_platform": "Intel Broadwell",
            "current_status": "RUNNING",
            "deletion_protection": false,
            "description": "",
            "desired_status": null,
            "enable_display": false,
            "guest_accelerator": [],
            "hostname": "",
            "id": "projects/cv-parser-460110/zones/us-central1-a/instances/cv-parser-worker",
            "instance_id": "2054555144485427182",
            "label_fingerprint": "42WmSpB8rSM=",
            "labels": null,
            "machine_type": "e2-micro",
            "metadata": null,
            "metadata_fingerprint": "3NweY74WMLM=",
            "metadata_startup_script": "#!/bin/bash\n# install Docker \u0026 GCR helper\napt-get update\napt-get install -y docker.io google-cloud-sdk\ngcloud auth configure-docker --quiet\n\n# launch our Pub/Sub worker\ndocker run -d --restart unless-stopped \\\\\n    -e PROJECT_ID=cv-parser-460110 \\\\\n    -e PUBSUB_SUBSCRIPTION=cv-parse-sub \\\\\n    gcr.io/cv-parser-460110/cv-parser-worker:latest\n",
            "min_cpu_platform": "",
            "name": "cv-parser-worker",
            "network_interface": [
              {
                "access_config": [
                  {
                    "nat_ip": "34.173.172.215",
                    "network_tier": "PREMIUM",
                    "public_ptr_domain_name": ""
                  }
                ],
                "alias_ip_range": [],
                "internal_ipv6_prefix_length": 0,
                "ipv6_access_config": [],
                "ipv6_access_type": "",
                "ipv6_address": "",
                "name": "nic0",
                "network": "https://www.googleapis.com/compute/v1/projects/cv-parser-460110/global/networks/default",
                "network_ip": "10.128.0.15",
                "nic_type": "",
                "queue_count": 0,
                "stack_type": "IPV4_ONLY",
                "subnetwork": "https://www.googleapis.com/compute/v1/projects/cv-parser-460110/regions/us-central1/subnetworks/default",
                "subnetwork_project": "cv-parser-460110"
              }
            ],
            "network_performance_config": [],
            "params": [],
            "project": "cv-parser-460110",
            "reservation_affinity": [],
            "resource_policies": null,
            "scheduling": [
              {
                "automatic_restart": true,
                "instance_termination_action": "",
                "local_ssd_recovery_timeout": [],
                "min_node_cpus": 0,
                "node_affinities": [],
                "on_host_maintenance": "MIGRATE",
                "preemptible": false,
                "provisioning_model": "STANDARD"
              }
            ],
            "scratch_disk": [],
            "self_link": "https://www.googleapis.com/compute/v1/projects/cv-parser-460110/zones/us-central1-a/instances/cv-parser-worker",
            "service_account": [
              {
                "email": "264936303991-compute@developer.gserviceaccount.com",
                "scopes": [
                  "https://www.googleapis.com/auth/cloud-platform"
                ]
              }
            ],
            "shielded_instance_config": [
              {
                "enable_integrity_monitoring": true,
                "enable_secure_boot": false,
                "enable_vtpm": true
              }
            ],
            "tags": [
              "cv-parser-worker"
            ],
            "tags_fingerprint": "cXP3f5isKGI=",
            "timeouts": null,
            "zone": "us-central1-a"
          },
          "sensitive_attributes": [
            [
              {
                "type": "get_attr",
                "value": "boot_disk"
              },
              {
                "type": "index",
                "value": {
                  "value": 0,
                  "type": "number"
                }
              },
              {
                "type": "get_attr",
                "value": "disk_encryption_key_raw"
              }
            ]
          ],
          "identity_schema_version": 0,
          "private": "eyJlMmJmYjczMC1lY2FhLTExZTYtOGY4OC0zNDM2M2JjN2M0YzAiOnsiY3JlYXRlIjoxMjAwMDAwMDAwMDAwLCJkZWxldGUiOjEyMDAwMDAwMDAwMDAsInVwZGF0ZSI6MTIwMDAwMDAwMDAwMH0sInNjaGVtYV92ZXJzaW9uIjoiNiJ9"
        }
      ]
    }
  ],
  "check_results": null
}
